
Microsoft Visual Studio Solution File, Format Version 12.00
# Visual Studio 2013
Project("{8BC9CEB8-8B4A-11D0-8D11-00A0C91BC942}") = "ZWEI2Plus", "ZWEI2Plus.vcxproj", "{679A30FB-027E-483F-93FA-4F14E3B337F1}"
EndProject
Global
	GlobalSection(SolutionConfigurationPlatforms) = preSolution
		Release|Win32 = Release|Win32
	EndGlobalSection
	GlobalSection(ProjectConfigurationPlatforms) = postSolution
		{679A30FB-027E-483F-93FA-4F14E3B337F1}.Release|Win32.ActiveCfg = Release|Win32
		{679A30FB-027E-483F-93FA-4F14E3B337F1}.Release|Win32.Build.0 = Release|Win32
	EndGlobalSection
	GlobalSection(SolutionProperties) = preSolution
		HideSolutionNode = FALSE
	EndGlobalSection
EndGlobal
