
Microsoft Visual Studio Solution File, Format Version 12.00
# Visual Studio 14
VisualStudioVersion = 14.0.25420.1
MinimumVisualStudioVersion = 10.0.40219.1
Project("{8BC9CEB8-8B4A-11D0-8D11-00A0C91BC942}") = "ED6Walk", "ED6Walk.vcxproj", "{034B5368-7C8B-44C6-A353-D1DD130A202A}"
EndProject
Project("{8BC9CEB8-8B4A-11D0-8D11-00A0C91BC942}") = "UCHDec", "UCHDec.vcxproj", "{765ECFCF-F2BA-4CA7-8A90-DF650203F927}"
EndProject
Project("{8BC9CEB8-8B4A-11D0-8D11-00A0C91BC942}") = "UCI2UCH", "UCI2UCH.vcxproj", "{AFB2BA6F-CB7D-42AB-BB96-D468920811F9}"
EndProject
Global
	GlobalSection(SolutionConfigurationPlatforms) = preSolution
		Release|x86 = Release|x86
		Template|x86 = Template|x86
	EndGlobalSection
	GlobalSection(ProjectConfigurationPlatforms) = postSolution
		{034B5368-7C8B-44C6-A353-D1DD130A202A}.Release|x86.ActiveCfg = Release|Win32
		{034B5368-7C8B-44C6-A353-D1DD130A202A}.Release|x86.Build.0 = Release|Win32
		{034B5368-7C8B-44C6-A353-D1DD130A202A}.Template|x86.ActiveCfg = Release|Win32
		{034B5368-7C8B-44C6-A353-D1DD130A202A}.Template|x86.Build.0 = Release|Win32
		{765ECFCF-F2BA-4CA7-8A90-DF650203F927}.Release|x86.ActiveCfg = Release|Win32
		{765ECFCF-F2BA-4CA7-8A90-DF650203F927}.Release|x86.Build.0 = Release|Win32
		{765ECFCF-F2BA-4CA7-8A90-DF650203F927}.Template|x86.ActiveCfg = Template|Win32
		{765ECFCF-F2BA-4CA7-8A90-DF650203F927}.Template|x86.Build.0 = Template|Win32
		{AFB2BA6F-CB7D-42AB-BB96-D468920811F9}.Release|x86.ActiveCfg = Release|Win32
		{AFB2BA6F-CB7D-42AB-BB96-D468920811F9}.Release|x86.Build.0 = Release|Win32
		{AFB2BA6F-CB7D-42AB-BB96-D468920811F9}.Template|x86.ActiveCfg = Template|Win32
		{AFB2BA6F-CB7D-42AB-BB96-D468920811F9}.Template|x86.Build.0 = Template|Win32
	EndGlobalSection
	GlobalSection(SolutionProperties) = preSolution
		HideSolutionNode = FALSE
	EndGlobalSection
EndGlobal
