<?xml version="1.0" encoding="utf-8"?>
<Project ToolsVersion="4.0" xmlns="http://schemas.microsoft.com/developer/msbuild/2003">
  <ItemGroup>
    <Filter Include="Header Files">
      <UniqueIdentifier>{478aa0aa-c2d6-4868-a2cb-6ccb8d1a6e40}</UniqueIdentifier>
      <Extensions>h;hpp;hxx;hm;inl</Extensions>
    </Filter>
    <Filter Include="Resource Files">
      <UniqueIdentifier>{2ea5739b-590a-49c5-9422-448933ab2ae8}</UniqueIdentifier>
      <Extensions>ico;cur;bmp;dlg;rc2;rct;bin;rgs;gif;jpg;jpeg;jpe</Extensions>
    </Filter>
    <Filter Include="Source Files">
      <UniqueIdentifier>{9203d8f1-0a9a-4998-9dce-8bd9145e7bd0}</UniqueIdentifier>
      <Extensions>cpp;c;cxx;rc;def;r;odl;idl;hpj;bat</Extensions>
    </Filter>
  </ItemGroup>
  <ItemGroup>
    <ClCompile Include="MSEditor\7zAlloc.c">
      <Filter>Source Files</Filter>
    </ClCompile>
    <ClCompile Include="MSEditor\AIEditor.cpp">
      <Filter>Source Files</Filter>
    </ClCompile>
    <ClCompile Include="MSEditor\LzmaDec.c">
      <Filter>Source Files</Filter>
    </ClCompile>
    <ClCompile Include="MSEditor\MSEditor.cpp">
      <Filter>Source Files</Filter>
    </ClCompile>
    <ClCompile Include="MSEditor\MSEditorDlg.cpp">
      <Filter>Source Files</Filter>
    </ClCompile>
    <ClCompile Include="MSEditor\MyListCtrl.cpp">
      <Filter>Source Files</Filter>
    </ClCompile>
    <ClCompile Include="MSEditor\MyPropertyPage.cpp">
      <Filter>Source Files</Filter>
    </ClCompile>
    <ClCompile Include="MSEditor\Page_Item.cpp">
      <Filter>Source Files</Filter>
    </ClCompile>
    <ClCompile Include="MSEditor\Page_Risist.cpp">
      <Filter>Source Files</Filter>
    </ClCompile>
    <ClCompile Include="MSEditor\Page_Skill.cpp">
      <Filter>Source Files</Filter>
    </ClCompile>
    <ClCompile Include="MSEditor\Page_Status.cpp">
      <Filter>Source Files</Filter>
    </ClCompile>
    <ClCompile Include="MSEditor\Page_Trophy.cpp">
      <Filter>Source Files</Filter>
    </ClCompile>
    <ClCompile Include="MSEditor\StdAfx.cpp">
      <Filter>Source Files</Filter>
    </ClCompile>
  </ItemGroup>
  <ItemGroup>
    <ClInclude Include="MSEditor\7zAlloc.h">
      <Filter>Header Files</Filter>
    </ClInclude>
    <ClInclude Include="MSEditor\AIEditor.h">
      <Filter>Header Files</Filter>
    </ClInclude>
    <ClInclude Include="MSEditor\CommandLineToArgv.h">
      <Filter>Header Files</Filter>
    </ClInclude>
    <ClInclude Include="MSEditor\ItemName.h">
      <Filter>Header Files</Filter>
    </ClInclude>
    <ClInclude Include="MSEditor\LzmaDec.h">
      <Filter>Header Files</Filter>
    </ClInclude>
    <ClInclude Include="MSEditor\MagicName.h">
      <Filter>Header Files</Filter>
    </ClInclude>
    <ClInclude Include="MSEditor\MSEditor.h">
      <Filter>Header Files</Filter>
    </ClInclude>
    <ClInclude Include="MSEditor\MSEditorDlg.h">
      <Filter>Header Files</Filter>
    </ClInclude>
    <ClInclude Include="MSEditor\MSFileStruct.h">
      <Filter>Header Files</Filter>
    </ClInclude>
    <ClInclude Include="MSEditor\MyListCtrl.h">
      <Filter>Header Files</Filter>
    </ClInclude>
    <ClInclude Include="MSEditor\MyPropertyPage.h">
      <Filter>Header Files</Filter>
    </ClInclude>
    <ClInclude Include="MSEditor\Page_Item.h">
      <Filter>Header Files</Filter>
    </ClInclude>
    <ClInclude Include="MSEditor\Page_Risist.h">
      <Filter>Header Files</Filter>
    </ClInclude>
    <ClInclude Include="MSEditor\Page_Skill.h">
      <Filter>Header Files</Filter>
    </ClInclude>
    <ClInclude Include="MSEditor\Page_Status.h">
      <Filter>Header Files</Filter>
    </ClInclude>
    <ClInclude Include="MSEditor\Page_Trophy.h">
      <Filter>Header Files</Filter>
    </ClInclude>
    <ClInclude Include="MSEditor\resource.h">
      <Filter>Header Files</Filter>
    </ClInclude>
    <ClInclude Include="MSEditor\StdAfx.h">
      <Filter>Header Files</Filter>
    </ClInclude>
  </ItemGroup>
  <ItemGroup>
    <ResourceCompile Include="MSEditor\MSEditor.rc">
      <Filter>Resource Files</Filter>
    </ResourceCompile>
  </ItemGroup>
  <ItemGroup>
    <None Include="MSEditor\res\MSEditor.rc2">
      <Filter>Resource Files</Filter>
    </None>
  </ItemGroup>
</Project>