
Microsoft Visual Studio Solution File, Format Version 10.00
# Visual Studio 2008
Project("{EAF909A5-FA59-4C3D-9431-0FCC20D5BCF9}") = "tobc", "tobc.icproj", "{C2442522-5B16-4F56-BEA4-B9AF4DD4BDD4}"
EndProject
Global
	GlobalSection(SolutionConfigurationPlatforms) = preSolution
		Release|Win32 = Release|Win32
	EndGlobalSection
	GlobalSection(ProjectConfigurationPlatforms) = postSolution
		{C2442522-5B16-4F56-BEA4-B9AF4DD4BDD4}.Release|Win32.ActiveCfg = Release|Win32
		{C2442522-5B16-4F56-BEA4-B9AF4DD4BDD4}.Release|Win32.Build.0 = Release|Win32
		{C5E5E6E4-9E00-4D4B-B3D8-492C8F2350BF}.Release|Win32.Build.0 = Release|Win32
		{C5E5E6E4-9E00-4D4B-B3D8-492C8F2350BF}.Release|Win32.ActiveCfg = Release|Win32
	EndGlobalSection
	GlobalSection(SolutionProperties) = preSolution
		HideSolutionNode = FALSE
	EndGlobalSection
EndGlobal
